{
    "_meta": {
        "hash": {
            "sha256": "3d8a7126678a9d743a3e7fb4f53c6bc3da8a4b26c3afa04372f9fce20adb1df9"
        },
        "pipfile-spec": 6,
        "requires": {
            "python_version": "3.9"
        },
        "sources": [
            {
                "name": "pypi",
                "url": "https://pypi.python.org/simple",
                "verify_ssl": true
            }
        ]
    },
    "default": {
        "certifi": {
            "hashes": [
                "sha256:9c5705e395cd70084351dd8ad5c41e65655e08ce46f2ec9cf6c2c08390f71eb7",
                "sha256:f1d53542ee8cbedbe2118b5686372fb33c297fcd6379b050cca0ef13a597382a"
            ],
            "markers": "python_version >= '3.6'",
            "version": "==2022.5.18.1"
        },
        "charset-normalizer": {
            "hashes": [
                "sha256:2857e29ff0d34db842cd7ca3230549d1a697f96ee6d3fb071cfa6c7393832597",
                "sha256:6881edbebdb17b39b4eaaa821b438bf6eddffb4468cf344f09f89def34a8b1df"
            ],
            "markers": "python_version >= '3'",
            "version": "==2.0.12"
        },
        "idna": {
            "hashes": [
                "sha256:84d9dd047ffa80596e0f246e2eab0b391788b0503584e8945f2368256d2735ff",
                "sha256:9d643ff0a55b762d5cdb124b8eaa99c66322e2157b69160bc32796e824360e6d"
            ],
            "markers": "python_version >= '3'",
            "version": "==3.3"
        },
        "psutil": {
            "hashes": [
                "sha256:068935df39055bf27a29824b95c801c7a5130f118b806eee663cad28dca97685",
                "sha256:0904727e0b0a038830b019551cf3204dd48ef5c6868adc776e06e93d615fc5fc",
                "sha256:0f15a19a05f39a09327345bc279c1ba4a8cfb0172cc0d3c7f7d16c813b2e7d36",
                "sha256:19f36c16012ba9cfc742604df189f2f28d2720e23ff7d1e81602dbe066be9fd1",
                "sha256:20b27771b077dcaa0de1de3ad52d22538fe101f9946d6dc7869e6f694f079329",
                "sha256:28976df6c64ddd6320d281128817f32c29b539a52bdae5e192537bc338a9ec81",
                "sha256:29a442e25fab1f4d05e2655bb1b8ab6887981838d22effa2396d584b740194de",
                "sha256:3054e923204b8e9c23a55b23b6df73a8089ae1d075cb0bf711d3e9da1724ded4",
                "sha256:32c52611756096ae91f5d1499fe6c53b86f4a9ada147ee42db4991ba1520e574",
                "sha256:3a76ad658641172d9c6e593de6fe248ddde825b5866464c3b2ee26c35da9d237",
                "sha256:44d1826150d49ffd62035785a9e2c56afcea66e55b43b8b630d7706276e87f22",
                "sha256:4b6750a73a9c4a4e689490ccb862d53c7b976a2a35c4e1846d049dcc3f17d83b",
                "sha256:56960b9e8edcca1456f8c86a196f0c3d8e3e361320071c93378d41445ffd28b0",
                "sha256:57f1819b5d9e95cdfb0c881a8a5b7d542ed0b7c522d575706a80bedc848c8954",
                "sha256:58678bbadae12e0db55186dc58f2888839228ac9f41cc7848853539b70490021",
                "sha256:645bd4f7bb5b8633803e0b6746ff1628724668681a434482546887d22c7a9537",
                "sha256:799759d809c31aab5fe4579e50addf84565e71c1dc9f1c31258f159ff70d3f87",
                "sha256:79c9108d9aa7fa6fba6e668b61b82facc067a6b81517cab34d07a84aa89f3df0",
                "sha256:91c7ff2a40c373d0cc9121d54bc5f31c4fa09c346528e6a08d1845bce5771ffc",
                "sha256:9272167b5f5fbfe16945be3db475b3ce8d792386907e673a209da686176552af",
                "sha256:944c4b4b82dc4a1b805329c980f270f170fdc9945464223f2ec8e57563139cf4",
                "sha256:a6a11e48cb93a5fa606306493f439b4aa7c56cb03fc9ace7f6bfa21aaf07c453",
                "sha256:a8746bfe4e8f659528c5c7e9af5090c5a7d252f32b2e859c584ef7d8efb1e689",
                "sha256:abd9246e4cdd5b554a2ddd97c157e292ac11ef3e7af25ac56b08b455c829dca8",
                "sha256:b14ee12da9338f5e5b3a3ef7ca58b3cba30f5b66f7662159762932e6d0b8f680",
                "sha256:b88f75005586131276634027f4219d06e0561292be8bd6bc7f2f00bdabd63c4e",
                "sha256:c7be9d7f5b0d206f0bbc3794b8e16fb7dbc53ec9e40bbe8787c6f2d38efcf6c9",
                "sha256:d2d006286fbcb60f0b391741f520862e9b69f4019b4d738a2a45728c7e952f1b",
                "sha256:db417f0865f90bdc07fa30e1aadc69b6f4cad7f86324b02aa842034efe8d8c4d",
                "sha256:e7e10454cb1ab62cc6ce776e1c135a64045a11ec4c6d254d3f7689c16eb3efd2",
                "sha256:f65f9a46d984b8cd9b3750c2bdb419b2996895b005aefa6cbaba9a143b1ce2c5",
                "sha256:fea896b54f3a4ae6f790ac1d017101252c93f6fe075d0e7571543510f11d2676"
            ],
            "index": "pypi",
            "version": "==5.9.1"
        },
        "requests": {
            "hashes": [
                "sha256:68d7c56fd5a8999887728ef304a6d12edc7be74f1cfa47714fc8b414525c9a61",
                "sha256:f22fa1e554c9ddfd16e6e41ac79759e17be9e492b3587efa038054674760e72d"
            ],
            "index": "pypi",
            "version": "==2.27.1"
        },
        "urllib3": {
            "hashes": [
                "sha256:44ece4d53fb1706f667c9bd1c648f5469a2ec925fcf3a776667042d645472c14",
                "sha256:aabaf16477806a5e1dd19aa41f8c2b7950dd3c746362d7e3223dbe6de6ac448e"
            ],
            "markers": "python_version >= '2.7' and python_version not in '3.0, 3.1, 3.2, 3.3, 3.4' and python_version < '4'",
            "version": "==1.26.9"
        },
        "websockets": {
            "hashes": [
                "sha256:07cdc0a5b2549bcfbadb585ad8471ebdc7bdf91e32e34ae3889001c1c106a6af",
                "sha256:210aad7fdd381c52e58777560860c7e6110b6174488ef1d4b681c08b68bf7f8c",
                "sha256:28dd20b938a57c3124028680dc1600c197294da5db4292c76a0b48efb3ed7f76",
                "sha256:2f94fa3ae454a63ea3a19f73b95deeebc9f02ba2d5617ca16f0bbdae375cda47",
                "sha256:31564a67c3e4005f27815634343df688b25705cccb22bc1db621c781ddc64c69",
                "sha256:347974105bbd4ea068106ec65e8e8ebd86f28c19e529d115d89bd8cc5cda3079",
                "sha256:379e03422178436af4f3abe0aa8f401aa77ae2487843738542a75faf44a31f0c",
                "sha256:3eda1cb7e9da1b22588cefff09f0951771d6ee9fa8dbe66f5ae04cc5f26b2b55",
                "sha256:51695d3b199cd03098ae5b42833006a0f43dc5418d3102972addc593a783bc02",
                "sha256:54c000abeaff6d8771a4e2cef40900919908ea7b6b6a30eae72752607c6db559",
                "sha256:5b936bf552e4f6357f5727579072ff1e1324717902127ffe60c92d29b67b7be3",
                "sha256:6075fd24df23133c1b078e08a9b04a3bc40b31a8def4ee0b9f2c8865acce913e",
                "sha256:661f641b44ed315556a2fa630239adfd77bd1b11cb0b9d96ed8ad90b0b1e4978",
                "sha256:6ea6b300a6bdd782e49922d690e11c3669828fe36fc2471408c58b93b5535a98",
                "sha256:6ed1d6f791eabfd9808afea1e068f5e59418e55721db8b7f3bfc39dc831c42ae",
                "sha256:7934e055fd5cd9dee60f11d16c8d79c4567315824bacb1246d0208a47eca9755",
                "sha256:7ab36e17af592eec5747c68ef2722a74c1a4a70f3772bc661079baf4ae30e40d",
                "sha256:7f6d96fdb0975044fdd7953b35d003b03f9e2bcf85f2d2cf86285ece53e9f991",
                "sha256:83e5ca0d5b743cde3d29fda74ccab37bdd0911f25bd4cdf09ff8b51b7b4f2fa1",
                "sha256:85506b3328a9e083cc0a0fb3ba27e33c8db78341b3eb12eb72e8afd166c36680",
                "sha256:8af75085b4bc0b5c40c4a3c0e113fa95e84c60f4ed6786cbb675aeb1ee128247",
                "sha256:8b1359aba0ff810d5830d5ab8e2c4a02bebf98a60aa0124fb29aa78cfdb8031f",
                "sha256:8fbd7d77f8aba46d43245e86dd91a8970eac4fb74c473f8e30e9c07581f852b2",
                "sha256:907e8247480f287aa9bbc9391bd6de23c906d48af54c8c421df84655eef66af7",
                "sha256:93d5ea0b5da8d66d868b32c614d2b52d14304444e39e13a59566d4acb8d6e2e4",
                "sha256:97bc9d41e69a7521a358f9b8e44871f6cdeb42af31815c17aed36372d4eec667",
                "sha256:994cdb1942a7a4c2e10098d9162948c9e7b235df755de91ca33f6e0481366fdb",
                "sha256:a141de3d5a92188234afa61653ed0bbd2dde46ad47b15c3042ffb89548e77094",
                "sha256:a1e15b230c3613e8ea82c9fc6941b2093e8eb939dd794c02754d33980ba81e36",
                "sha256:aad5e300ab32036eb3fdc350ad30877210e2f51bceaca83fb7fef4d2b6c72b79",
                "sha256:b529fdfa881b69fe563dbd98acce84f3e5a67df13de415e143ef053ff006d500",
                "sha256:b9c77f0d1436ea4b4dc089ed8335fa141e6a251a92f75f675056dac4ab47a71e",
                "sha256:bb621ec2dbbbe8df78a27dbd9dd7919f9b7d32a73fafcb4d9252fc4637343582",
                "sha256:c7250848ce69559756ad0086a37b82c986cd33c2d344ab87fea596c5ac6d9442",
                "sha256:c8d1d14aa0f600b5be363077b621b1b4d1eb3fbf90af83f9281cda668e6ff7fd",
                "sha256:d1655a6fc7aecd333b079d00fb3c8132d18988e47f19740c69303bf02e9883c6",
                "sha256:d6353ba89cfc657a3f5beabb3b69be226adbb5c6c7a66398e17809b0ce3c4731",
                "sha256:da4377904a3379f0c1b75a965fff23b28315bcd516d27f99a803720dfebd94d4",
                "sha256:e49ea4c1a9543d2bd8a747ff24411509c29e4bdcde05b5b0895e2120cb1a761d",
                "sha256:e4e08305bfd76ba8edab08dcc6496f40674f44eb9d5e23153efa0a35750337e8",
                "sha256:e6fa05a680e35d0fcc1470cb070b10e6fe247af54768f488ed93542e71339d6f",
                "sha256:e7e6f2d6fd48422071cc8a6f8542016f350b79cc782752de531577d35e9bd677",
                "sha256:e904c0381c014b914136c492c8fa711ca4cced4e9b3d110e5e7d436d0fc289e8",
                "sha256:ec2b0ab7edc8cd4b0eb428b38ed89079bdc20c6bdb5f889d353011038caac2f9",
                "sha256:ef5ce841e102278c1c2e98f043db99d6755b1c58bde475516aef3a008ed7f28e",
                "sha256:f351c7d7d92f67c0609329ab2735eee0426a03022771b00102816a72715bb00b",
                "sha256:fab7c640815812ed5f10fbee7abbf58788d602046b7bb3af9b1ac753a6d5e916",
                "sha256:fc06cc8073c8e87072138ba1e431300e2d408f054b27047d047b549455066ff4"
            ],
            "index": "pypi",
            "version": "==10.3"
        }
    },
    "develop": {
        "pyoxidizer": {
            "hashes": [
                "sha256:072a1c390a019e523a1a58c506bc26b77a4bd13a5e84bdfee0ff44b9eece73d4",
                "sha256:1a6a1782114764917e7739e0c221855990394dbc9eefdbe9882bb6fe46563342",
                "sha256:2b6516801db819c8a66b1c6bda20e9695b7d3487e0f1ea4a94805dbf0c681c7c",
                "sha256:6fb3e7fb8b9dcbdeb8889f578fa5d588deabc77ab75e62e36f6ebf2c95ffde86",
                "sha256:87d1cd2a8f19f295e4ba26f30f45fd0c5a93fbfdeed8650f21aa479ae0eb5aed",
                "sha256:a060d121e332d1d258d99493da8a60e47bbd891af2c2a5497688661666a198ca",
                "sha256:d6d88f83e024a759cde8c22a017655ceda7fe804c07f2a02087f45d87559f69a",
                "sha256:e283a1f7092d69c6dbe7c4bdc9ace2fb5ca55655cb2d863abd036e442869e788"
            ],
            "index": "pypi",
            "markers": "sys_platform == 'win32'",
            "version": "==0.20.0"
        }
    }
}
